// !$*UTF8*$!
{
	archiveVersion = 1;
	classes = {
	};
	objectVersion = 50;
	objects = {

/* Begin PBXBuildFile section */
		7A2ADC7E230A80E80098B26B /* AppDelegate.m in Sources */ = {isa = PBXBuildFile; fileRef = 7A2ADC7D230A80E80098B26B /* AppDelegate.m */; };
		7A2ADC81230A80E80098B26B /* ViewController.m in Sources */ = {isa = PBXBuildFile; fileRef = 7A2ADC80230A80E80098B26B /* ViewController.m */; };
		7A2ADC84230A80E80098B26B /* Main.storyboard in Resources */ = {isa = PBXBuildFile; fileRef = 7A2ADC82230A80E80098B26B /* Main.storyboard */; };
		7A2ADC86230A80E90098B26B /* Assets.xcassets in Resources */ = {isa = PBXBuildFile; fileRef = 7A2ADC85230A80E90098B26B /* Assets.xcassets */; };
		7A2ADC89230A80E90098B26B /* LaunchScreen.storyboard in Resources */ = {isa = PBXBuildFile; fileRef = 7A2ADC87230A80E90098B26B /* LaunchScreen.storyboard */; };
		7A2ADC8C230A80E90098B26B /* main.m in Sources */ = {isa = PBXBuildFile; fileRef = 7A2ADC8B230A80E90098B26B /* main.m */; };
		7A2ADC94230A815A0098B26B /* DSCenterLabelCell.m in Sources */ = {isa = PBXBuildFile; fileRef = 7A2ADC92230A815A0098B26B /* DSCenterLabelCell.m */; };
		7A2ADC98230A81940098B26B /* CCDragStackView.m in Sources */ = {isa = PBXBuildFile; fileRef = 7A2ADC97230A81940098B26B /* CCDragStackView.m */; };
/* End PBXBuildFile section */

/* Begin PBXFileReference section */
		7A2ADC79230A80E80098B26B /* CCDragStackViweDemo.app */ = {isa = PBXFileReference; explicitFileType = wrapper.application; includeInIndex = 0; path = CCDragStackViweDemo.app; sourceTree = BUILT_PRODUCTS_DIR; };
		7A2ADC7C230A80E80098B26B /* AppDelegate.h */ = {isa = PBXFileReference; lastKnownFileType = sourcecode.c.h; path = AppDelegate.h; sourceTree = "<group>"; };
		7A2ADC7D230A80E80098B26B /* AppDelegate.m */ = {isa = PBXFileReference; lastKnownFileType = sourcecode.c.objc; path = AppDelegate.m; sourceTree = "<group>"; };
		7A2ADC7F230A80E80098B26B /* ViewController.h */ = {isa = PBXFileReference; lastKnownFileType = sourcecode.c.h; path = ViewController.h; sourceTree = "<group>"; };
		7A2ADC80230A80E80098B26B /* ViewController.m */ = {isa = PBXFileReference; lastKnownFileType = sourcecode.c.objc; path = ViewController.m; sourceTree = "<group>"; };
		7A2ADC83230A80E80098B26B /* Base */ = {isa = PBXFileReference; lastKnownFileType = file.storyboard; name = Base; path = Base.lproj/Main.storyboard; sourceTree = "<group>"; };
		7A2ADC85230A80E90098B26B /* Assets.xcassets */ = {isa = PBXFileReference; lastKnownFileType = folder.assetcatalog; path = Assets.xcassets; sourceTree = "<group>"; };
		7A2ADC88230A80E90098B26B /* Base */ = {isa = PBXFileReference; lastKnownFileType = file.storyboard; name = Base; path = Base.lproj/LaunchScreen.storyboard; sourceTree = "<group>"; };
		7A2ADC8A230A80E90098B26B /* Info.plist */ = {isa = PBXFileReference; lastKnownFileType = text.plist.xml; path = Info.plist; sourceTree = "<group>"; };
		7A2ADC8B230A80E90098B26B /* main.m */ = {isa = PBXFileReference; lastKnownFileType = sourcecode.c.objc; path = main.m; sourceTree = "<group>"; };
		7A2ADC92230A815A0098B26B /* DSCenterLabelCell.m */ = {isa = PBXFileReference; fileEncoding = 4; lastKnownFileType = sourcecode.c.objc; path = DSCenterLabelCell.m; sourceTree = "<group>"; };
		7A2ADC93230A815A0098B26B /* DSCenterLabelCell.h */ = {isa = PBXFileReference; fileEncoding = 4; lastKnownFileType = sourcecode.c.h; path = DSCenterLabelCell.h; sourceTree = "<group>"; };
		7A2ADC96230A81940098B26B /* CCDragStackView.h */ = {isa = PBXFileReference; lastKnownFileType = sourcecode.c.h; path = CCDragStackView.h; sourceTree = "<group>"; };
		7A2ADC97230A81940098B26B /* CCDragStackView.m */ = {isa = PBXFileReference; lastKnownFileType = sourcecode.c.objc; path = CCDragStackView.m; sourceTree = "<group>"; };
/* End PBXFileReference section */

/* Begin PBXFrameworksBuildPhase section */
		7A2ADC76230A80E80098B26B /* Frameworks */ = {
			isa = PBXFrameworksBuildPhase;
			buildActionMask = 2147483647;
			files = (
			);
			runOnlyForDeploymentPostprocessing = 0;
		};
/* End PBXFrameworksBuildPhase section */

/* Begin PBXGroup section */
		7A2ADC70230A80E80098B26B = {
			isa = PBXGroup;
			children = (
				7A2ADC7B230A80E80098B26B /* CCDragStackViweDemo */,
				7A2ADC7A230A80E80098B26B /* Products */,
			);
			sourceTree = "<group>";
		};
		7A2ADC7A230A80E80098B26B /* Products */ = {
			isa = PBXGroup;
			children = (
				7A2ADC79230A80E80098B26B /* CCDragStackViweDemo.app */,
			);
			name = Products;
			sourceTree = "<group>";
		};
		7A2ADC7B230A80E80098B26B /* CCDragStackViweDemo */ = {
			isa = PBXGroup;
			children = (
				7A2ADC95230A81840098B26B /* Source */,
				7A2ADC93230A815A0098B26B /* DSCenterLabelCell.h */,
				7A2ADC92230A815A0098B26B /* DSCenterLabelCell.m */,
				7A2ADC7C230A80E80098B26B /* AppDelegate.h */,
				7A2ADC7D230A80E80098B26B /* AppDelegate.m */,
				7A2ADC7F230A80E80098B26B /* ViewController.h */,
				7A2ADC80230A80E80098B26B /* ViewController.m */,
				7A2ADC82230A80E80098B26B /* Main.storyboard */,
				7A2ADC85230A80E90098B26B /* Assets.xcassets */,
				7A2ADC87230A80E90098B26B /* LaunchScreen.storyboard */,
				7A2ADC8A230A80E90098B26B /* Info.plist */,
				7A2ADC8B230A80E90098B26B /* main.m */,
			);
			path = CCDragStackViweDemo;
			sourceTree = "<group>";
		};
		7A2ADC95230A81840098B26B /* Source */ = {
			isa = PBXGroup;
			children = (
				7A2ADC96230A81940098B26B /* CCDragStackView.h */,
				7A2ADC97230A81940098B26B /* CCDragStackView.m */,
			);
			path = Source;
			sourceTree = "<group>";
		};
/* End PBXGroup section */

/* Begin PBXNativeTarget section */
		7A2ADC78230A80E80098B26B /* CCDragStackViweDemo */ = {
			isa = PBXNativeTarget;
			buildConfigurationList = 7A2ADC8F230A80E90098B26B /* Build configuration list for PBXNativeTarget "CCDragStackViweDemo" */;
			buildPhases = (
				7A2ADC75230A80E80098B26B /* Sources */,
				7A2ADC76230A80E80098B26B /* Frameworks */,
				7A2ADC77230A80E80098B26B /* Resources */,
			);
			buildRules = (
			);
			dependencies = (
			);
			name = CCDragStackViweDemo;
			productName = CCDragStackViweDemo;
			productReference = 7A2ADC79230A80E80098B26B /* CCDragStackViweDemo.app */;
			productType = "com.apple.product-type.application";
		};
/* End PBXNativeTarget section */

/* Begin PBXProject section */
		7A2ADC71230A80E80098B26B /* Project object */ = {
			isa = PBXProject;
			attributes = {
				LastUpgradeCheck = 1030;
				ORGANIZATIONNAME = pengchangcheng;
				TargetAttributes = {
					7A2ADC78230A80E80098B26B = {
						CreatedOnToolsVersion = 10.3;
					};
				};
			};
			buildConfigurationList = 7A2ADC74230A80E80098B26B /* Build configuration list for PBXProject "CCDragStackViweDemo" */;
			compatibilityVersion = "Xcode 9.3";
			developmentRegion = en;
			hasScannedForEncodings = 0;
			knownRegions = (
				en,
				Base,
			);
			mainGroup = 7A2ADC70230A80E80098B26B;
			productRefGroup = 7A2ADC7A230A80E80098B26B /* Products */;
			projectDirPath = "";
			projectRoot = "";
			targets = (
				7A2ADC78230A80E80098B26B /* CCDragStackViweDemo */,
			);
		};
/* End PBXProject section */

/* Begin PBXResourcesBuildPhase section */
		7A2ADC77230A80E80098B26B /* Resources */ = {
			isa = PBXResourcesBuildPhase;
			buildActionMask = 2147483647;
			files = (
				7A2ADC89230A80E90098B26B /* LaunchScreen.storyboard in Resources */,
				7A2ADC86230A80E90098B26B /* Assets.xcassets in Resources */,
				7A2ADC84230A80E80098B26B /* Main.storyboard in Resources */,
			);
			runOnlyForDeploymentPostprocessing = 0;
		};
/* End PBXResourcesBuildPhase section */

/* Begin PBXSourcesBuildPhase section */
		7A2ADC75230A80E80098B26B /* Sources */ = {
			isa = PBXSourcesBuildPhase;
			buildActionMask = 2147483647;
			files = (
				7A2ADC81230A80E80098B26B /* ViewController.m in Sources */,
				7A2ADC98230A81940098B26B /* CCDragStackView.m in Sources */,
				7A2ADC8C230A80E90098B26B /* main.m in Sources */,
				7A2ADC94230A815A0098B26B /* DSCenterLabelCell.m in Sources */,
				7A2ADC7E230A80E80098B26B /* AppDelegate.m in Sources */,
			);
			runOnlyForDeploymentPostprocessing = 0;
		};
/* End PBXSourcesBuildPhase section */

/* Begin PBXVariantGroup section */
		7A2ADC82230A80E80098B26B /* Main.storyboard */ = {
			isa = PBXVariantGroup;
			children = (
				7A2ADC83230A80E80098B26B /* Base */,
			);
			name = Main.storyboard;
			sourceTree = "<group>";
		};
		7A2ADC87230A80E90098B26B /* LaunchScreen.storyboard */ = {
			isa = PBXVariantGroup;
			children = (
				7A2ADC88230A80E90098B26B /* Base */,
			);
			name = LaunchScreen.storyboard;
			sourceTree = "<group>";
		};
/* End PBXVariantGroup section */

/* Begin XCBuildConfiguration section */
		7A2ADC8D230A80E90098B26B /* Debug */ = {
			isa = XCBuildConfiguration;
			buildSettings = {
				ALWAYS_SEARCH_USER_PATHS = NO;
				CLANG_ANALYZER_NONNULL = YES;
				CLANG_ANALYZER_NUMBER_OBJECT_CONVERSION = YES_AGGRESSIVE;
				CLANG_CXX_LANGUAGE_STANDARD = "gnu++14";
				CLANG_CXX_LIBRARY = "libc++";
				CLANG_ENABLE_MODULES = YES;
				CLANG_ENABLE_OBJC_ARC = YES;
				CLANG_ENABLE_OBJC_WEAK = YES;
				CLANG_WARN_BLOCK_CAPTURE_AUTORELEASING = YES;
				CLANG_WARN_BOOL_CONVERSION = YES;
				CLANG_WARN_COMMA = YES;
				CLANG_WARN_CONSTANT_CONVERSION = YES;
				CLANG_WARN_DEPRECATED_OBJC_IMPLEMENTATIONS = YES;
				CLANG_WARN_DIRECT_OBJC_ISA_USAGE = YES_ERROR;
				CLANG_WARN_DOCUMENTATION_COMMENTS = YES;
				CLANG_WARN_EMPTY_BODY = YES;
				CLANG_WARN_ENUM_CONVERSION = YES;
				CLANG_WARN_INFINITE_RECURSION = YES;
				CLANG_WARN_INT_CONVERSION = YES;
				CLANG_WARN_NON_LITERAL_NULL_CONVERSION = YES;
				CLANG_WARN_OBJC_IMPLICIT_RETAIN_SELF = YES;
				CLANG_WARN_OBJC_LITERAL_CONVERSION = YES;
				CLANG_WARN_OBJC_ROOT_CLASS = YES_ERROR;
				CLANG_WARN_RANGE_LOOP_ANALYSIS = YES;
				CLANG_WARN_STRICT_PROTOTYPES = YES;
				CLANG_WARN_SUSPICIOUS_MOVE = YES;
				CLANG_WARN_UNGUARDED_AVAILABILITY = YES_AGGRESSIVE;
				CLANG_WARN_UNREACHABLE_CODE = YES;
				CLANG_WARN__DUPLICATE_METHOD_MATCH = YES;
				CODE_SIGN_IDENTITY = "iPhone Developer";
				COPY_PHASE_STRIP = NO;
				DEBUG_INFORMATION_FORMAT = dwarf;
				ENABLE_STRICT_OBJC_MSGSEND = YES;
				ENABLE_TESTABILITY = YES;
				GCC_C_LANGUAGE_STANDARD = gnu11;
				GCC_DYNAMIC_NO_PIC = NO;
				GCC_NO_COMMON_BLOCKS = YES;
				GCC_OPTIMIZATION_LEVEL = 0;
				GCC_PREPROCESSOR_DEFINITIONS = (
					"DEBUG=1",
					"$(inherited)",
				);
				GCC_WARN_64_TO_32_BIT_CONVERSION = YES;
				GCC_WARN_ABOUT_RETURN_TYPE = YES_ERROR;
				GCC_WARN_UNDECLARED_SELECTOR = YES;
				GCC_WARN_UNINITIALIZED_AUTOS = YES_AGGRESSIVE;
				GCC_WARN_UNUSED_FUNCTION = YES;
				GCC_WARN_UNUSED_VARIABLE = YES;
				IPHONEOS_DEPLOYMENT_TARGET = 12.4;
				MTL_ENABLE_DEBUG_INFO = INCLUDE_SOURCE;
				MTL_FAST_MATH = YES;
				ONLY_ACTIVE_ARCH = YES;
				SDKROOT = iphoneos;
			};
			name = Debug;
		};
		7A2ADC8E230A80E90098B26B /* Release */ = {
			isa = XCBuildConfiguration;
			buildSettings = {
				ALWAYS_SEARCH_USER_PATHS = NO;
				CLANG_ANALYZER_NONNULL = YES;
				CLANG_ANALYZER_NUMBER_OBJECT_CONVERSION = YES_AGGRESSIVE;
				CLANG_CXX_LANGUAGE_STANDARD = "gnu++14";
				CLANG_CXX_LIBRARY = "libc++";
				CLANG_ENABLE_MODULES = YES;
				CLANG_ENABLE_OBJC_ARC = YES;
				CLANG_ENABLE_OBJC_WEAK = YES;
				CLANG_WARN_BLOCK_CAPTURE_AUTORELEASING = YES;
				CLANG_WARN_BOOL_CONVERSION = YES;
				CLANG_WARN_COMMA = YES;
				CLANG_WARN_CONSTANT_CONVERSION = YES;
				CLANG_WARN_DEPRECATED_OBJC_IMPLEMENTATIONS = YES;
				CLANG_WARN_DIRECT_OBJC_ISA_USAGE = YES_ERROR;
				CLANG_WARN_DOCUMENTATION_COMMENTS = YES;
				CLANG_WARN_EMPTY_BODY = YES;
				CLANG_WARN_ENUM_CONVERSION = YES;
				CLANG_WARN_INFINITE_RECURSION = YES;
				CLANG_WARN_INT_CONVERSION = YES;
				CLANG_WARN_NON_LITERAL_NULL_CONVERSION = YES;
				CLANG_WARN_OBJC_IMPLICIT_RETAIN_SELF = YES;
				CLANG_WARN_OBJC_LITERAL_CONVERSION = YES;
				CLANG_WARN_OBJC_ROOT_CLASS = YES_ERROR;
				CLANG_WARN_RANGE_LOOP_ANALYSIS = YES;
				CLANG_WARN_STRICT_PROTOTYPES = YES;
				CLANG_WARN_SUSPICIOUS_MOVE = YES;
				CLANG_WARN_UNGUARDED_AVAILABILITY = YES_AGGRESSIVE;
				CLANG_WARN_UNREACHABLE_CODE = YES;
				CLANG_WARN__DUPLICATE_METHOD_MATCH = YES;
				CODE_SIGN_IDENTITY = "iPhone Developer";
				COPY_PHASE_STRIP = NO;
				DEBUG_INFORMATION_FORMAT = "dwarf-with-dsym";
				ENABLE_NS_ASSERTIONS = NO;
				ENABLE_STRICT_OBJC_MSGSEND = YES;
				GCC_C_LANGUAGE_STANDARD = gnu11;
				GCC_NO_COMMON_BLOCKS = YES;
				GCC_WARN_64_TO_32_BIT_CONVERSION = YES;
				GCC_WARN_ABOUT_RETURN_TYPE = YES_ERROR;
				GCC_WARN_UNDECLARED_SELECTOR = YES;
				GCC_WARN_UNINITIALIZED_AUTOS = YES_AGGRESSIVE;
				GCC_WARN_UNUSED_FUNCTION = YES;
				GCC_WARN_UNUSED_VARIABLE = YES;
				IPHONEOS_DEPLOYMENT_TARGET = 12.4;
				MTL_ENABLE_DEBUG_INFO = NO;
				MTL_FAST_MATH = YES;
				SDKROOT = iphoneos;
				VALIDATE_PRODUCT = YES;
			};
			name = Release;
		};
		7A2ADC90230A80E90098B26B /* Debug */ = {
			isa = XCBuildConfiguration;
			buildSettings = {
				ASSETCATALOG_COMPILER_APPICON_NAME = AppIcon;
				CODE_SIGN_STYLE = Automatic;
				INFOPLIST_FILE = CCDragStackViweDemo/Info.plist;
				LD_RUNPATH_SEARCH_PATHS = (
					"$(inherited)",
					"@executable_path/Frameworks",
				);
				PRODUCT_BUNDLE_IDENTIFIER = com.cc.cc.CCDragStackViweDemo;
				PRODUCT_NAME = "$(TARGET_NAME)";
				TARGETED_DEVICE_FAMILY = "1,2";
			};
			name = Debug;
		};
		7A2ADC91230A80E90098B26B /* Release */ = {
			isa = XCBuildConfiguration;
			buildSettings = {
				ASSETCATALOG_COMPILER_APPICON_NAME = AppIcon;
				CODE_SIGN_STYLE = Automatic;
				INFOPLIST_FILE = CCDragStackViweDemo/Info.plist;
				LD_RUNPATH_SEARCH_PATHS = (
					"$(inherited)",
					"@executable_path/Frameworks",
				);
				PRODUCT_BUNDLE_IDENTIFIER = com.cc.cc.CCDragStackViweDemo;
				PRODUCT_NAME = "$(TARGET_NAME)";
				TARGETED_DEVICE_FAMILY = "1,2";
			};
			name = Release;
		};
/* End XCBuildConfiguration section */

/* Begin XCConfigurationList section */
		7A2ADC74230A80E80098B26B /* Build configuration list for PBXProject "CCDragStackViweDemo" */ = {
			isa = XCConfigurationList;
			buildConfigurations = (
				7A2ADC8D230A80E90098B26B /* Debug */,
				7A2ADC8E230A80E90098B26B /* Release */,
			);
			defaultConfigurationIsVisible = 0;
			defaultConfigurationName = Release;
		};
		7A2ADC8F230A80E90098B26B /* Build configuration list for PBXNativeTarget "CCDragStackViweDemo" */ = {
			isa = XCConfigurationList;
			buildConfigurations = (
				7A2ADC90230A80E90098B26B /* Debug */,
				7A2ADC91230A80E90098B26B /* Release */,
			);
			defaultConfigurationIsVisible = 0;
			defaultConfigurationName = Release;
		};
/* End XCConfigurationList section */
	};
	rootObject = 7A2ADC71230A80E80098B26B /* Project object */;
}
